dependencies:
- name: node-exporter
  repository: oci://registry-1.docker.io/bitnamicharts
  version: 3.16.1
- name: kube-state-metrics
  repository: oci://registry-1.docker.io/bitnamicharts
  version: 3.16.2
- name: common
  repository: oci://registry-1.docker.io/bitnamicharts
  version: 2.19.2
digest: sha256:09450cdaffd0e0697846069156c430cdf661b6e5a559c5bb91fa12da20b8f30e
generated: "2024-05-11T12:12:29.439605+07:00"
